
Microsoft Visual Studio Solution File, Format Version 12.00
# Visual Studio Version 17
VisualStudioVersion = 17.2.32526.322
MinimumVisualStudioVersion = 10.0.40219.1
Project("{FAE04EC0-301F-11D3-BF4B-00C04F79EFBC}") = "BinarySearchTree", "BinarySearchTree\BinarySearchTree.csproj", "{0A012B92-C71C-4FE9-B536-59A17DAA9E5A}"
EndProject
Global
	GlobalSection(SolutionConfigurationPlatforms) = preSolution
		Debug|Any CPU = Debug|Any CPU
		Release|Any CPU = Release|Any CPU
	EndGlobalSection
	GlobalSection(ProjectConfigurationPlatforms) = postSolution
		{0A012B92-C71C-4FE9-B536-59A17DAA9E5A}.Debug|Any CPU.ActiveCfg = Debug|Any CPU
		{0A012B92-C71C-4FE9-B536-59A17DAA9E5A}.Debug|Any CPU.Build.0 = Debug|Any CPU
		{0A012B92-C71C-4FE9-B536-59A17DAA9E5A}.Release|Any CPU.ActiveCfg = Release|Any CPU
		{0A012B92-C71C-4FE9-B536-59A17DAA9E5A}.Release|Any CPU.Build.0 = Release|Any CPU
	EndGlobalSection
	GlobalSection(SolutionProperties) = preSolution
		HideSolutionNode = FALSE
	EndGlobalSection
	GlobalSection(ExtensibilityGlobals) = postSolution
		SolutionGuid = {94371F3A-75EE-4EEA-BE23-25DB0DF81FAF}
	EndGlobalSection
EndGlobal
